
Microsoft Visual Studio Solution File, Format Version 12.00
# Visual Studio Version 16
VisualStudioVersion = 16.0.31112.23
MinimumVisualStudioVersion = 10.0.40219.1
Project("{9A19103F-16F7-4668-BE54-9A1E7A4F7556}") = "HappyTeam.Battleships.UI", "HappyTeam.Battleships.UI\HappyTeam.Battleships.UI.csproj", "{3DB9A90E-5B76-40D5-84A6-56E871393A48}"
EndProject
Project("{9A19103F-16F7-4668-BE54-9A1E7A4F7556}") = "HappyTeam.Battleships.Services", "HappyTeam.Battleships.Services\HappyTeam.Battleships.Services.csproj", "{C34B7337-B1EB-4EDD-92EF-629214C485DB}"
EndProject
Project("{FAE04EC0-301F-11D3-BF4B-00C04F79EFBC}") = "HappyTeam.Battleships.Services.Core", "HappyTeam.Battleships.Services.Core\HappyTeam.Battleships.Services.Core.csproj", "{9B1C5092-7564-47A9-BB19-DF2F01600C6D}"
EndProject
Global
	GlobalSection(SolutionConfigurationPlatforms) = preSolution
		Debug|Any CPU = Debug|Any CPU
		Release|Any CPU = Release|Any CPU
	EndGlobalSection
	GlobalSection(ProjectConfigurationPlatforms) = postSolution
		{3DB9A90E-5B76-40D5-84A6-56E871393A48}.Debug|Any CPU.ActiveCfg = Debug|Any CPU
		{3DB9A90E-5B76-40D5-84A6-56E871393A48}.Debug|Any CPU.Build.0 = Debug|Any CPU
		{3DB9A90E-5B76-40D5-84A6-56E871393A48}.Release|Any CPU.ActiveCfg = Release|Any CPU
		{3DB9A90E-5B76-40D5-84A6-56E871393A48}.Release|Any CPU.Build.0 = Release|Any CPU
		{C34B7337-B1EB-4EDD-92EF-629214C485DB}.Debug|Any CPU.ActiveCfg = Debug|Any CPU
		{C34B7337-B1EB-4EDD-92EF-629214C485DB}.Debug|Any CPU.Build.0 = Debug|Any CPU
		{C34B7337-B1EB-4EDD-92EF-629214C485DB}.Release|Any CPU.ActiveCfg = Release|Any CPU
		{C34B7337-B1EB-4EDD-92EF-629214C485DB}.Release|Any CPU.Build.0 = Release|Any CPU
		{9B1C5092-7564-47A9-BB19-DF2F01600C6D}.Debug|Any CPU.ActiveCfg = Debug|Any CPU
		{9B1C5092-7564-47A9-BB19-DF2F01600C6D}.Debug|Any CPU.Build.0 = Debug|Any CPU
		{9B1C5092-7564-47A9-BB19-DF2F01600C6D}.Release|Any CPU.ActiveCfg = Release|Any CPU
		{9B1C5092-7564-47A9-BB19-DF2F01600C6D}.Release|Any CPU.Build.0 = Release|Any CPU
	EndGlobalSection
	GlobalSection(SolutionProperties) = preSolution
		HideSolutionNode = FALSE
	EndGlobalSection
	GlobalSection(ExtensibilityGlobals) = postSolution
		SolutionGuid = {606F37D0-AF26-4585-90AE-838EA5FA0433}
	EndGlobalSection
EndGlobal
